{
  "requires": true,
  "lockfileVersion": 1,
  "dependencies": {
    "jasmine-core": {
      "version": "2.8.0",
      "resolved": "https://registry.npmjs.org/jasmine-core/-/jasmine-core-2.8.0.tgz",
      "integrity": "sha1-vMl5rh+f0FcB5F5S5l06XWPxok4=",
      "dev": true
    },
    "todomvc-app-css": {
      "version": "2.1.0",
      "resolved": "https://registry.npmjs.org/todomvc-app-css/-/todomvc-app-css-2.1.0.tgz",
      "integrity": "sha1-tvJxbTOa+i5feZNH0qSLBTliQqU="
    },
    "todomvc-common": {
      "version": "1.0.4",
      "resolved": "https://registry.npmjs.org/todomvc-common/-/todomvc-common-1.0.4.tgz",
      "integrity": "sha512-AA0Z4exovEqubhbZCrzzn9roVT4zvOncS319p2zIc4CsNe5B9TLL7Sei1NIV6d+WrgR5rOi+y0I9Y6GE7xgNOw=="
    }
  }
}
